<?xml version="1.0" encoding="utf-8"?>
<Project ToolsVersion="4.0" xmlns="http://schemas.microsoft.com/developer/msbuild/2003">
  <ItemGroup>
    <Filter Include="Source Files">
      <UniqueIdentifier>{4FC737F1-C7A5-4376-A066-2A32D752A2FF}</UniqueIdentifier>
      <Extensions>cpp;c;cc;cxx;def;odl;idl;hpj;bat;asm;asmx</Extensions>
    </Filter>
    <Filter Include="Header Files">
      <UniqueIdentifier>{93995380-89BD-4b04-88EB-625FBE52EBFB}</UniqueIdentifier>
      <Extensions>h;hh;hpp;hxx;hm;inl;inc;ipp;xsd</Extensions>
    </Filter>
    <Filter Include="Resource Files">
      <UniqueIdentifier>{67DA6AB6-F800-4c08-8B7A-83BB121AAD01}</UniqueIdentifier>
      <Extensions>rc;ico;cur;bmp;dlg;rc2;rct;bin;rgs;gif;jpg;jpeg;jpe;resx;tiff;tif;png;wav;mfcribbon-ms</Extensions>
    </Filter>
    <Filter Include="Header Files\Model">
      <UniqueIdentifier>{a35c0492-0be3-47c9-a254-89621cbc6b82}</UniqueIdentifier>
    </Filter>
    <Filter Include="Source Files\Model">
      <UniqueIdentifier>{dd5cf79c-3a60-47c7-8ee5-362bb41b7158}</UniqueIdentifier>
    </Filter>
    <Filter Include="Source Files\UserLayer">
      <UniqueIdentifier>{c66271bc-2a32-4475-a501-b176772c4991}</UniqueIdentifier>
    </Filter>
    <Filter Include="Header Files\UserLayer">
      <UniqueIdentifier>{89a3cb7f-d966-47a9-9c41-54e73e77ec1d}</UniqueIdentifier>
    </Filter>
  </ItemGroup>
  <ItemGroup>
    <ClInclude Include="pch.h">
      <Filter>Header Files</Filter>
    </ClInclude>
    <ClInclude Include="Linked_List.h">
      <Filter>Header Files\Model</Filter>
    </ClInclude>
    <ClInclude Include="Main.h">
      <Filter>Header Files</Filter>
    </ClInclude>
    <ClInclude Include="User_Layer.h">
      <Filter>Header Files\UserLayer</Filter>
    </ClInclude>
  </ItemGroup>
  <ItemGroup>
    <ClCompile Include="pch.cpp">
      <Filter>Source Files</Filter>
    </ClCompile>
    <ClCompile Include="Crible_Eratosthene.cpp">
      <Filter>Source Files</Filter>
    </ClCompile>
    <ClCompile Include="Linked_List.cpp">
      <Filter>Source Files\Model</Filter>
    </ClCompile>
    <ClCompile Include="User_Layer.cpp">
      <Filter>Source Files\UserLayer</Filter>
    </ClCompile>
  </ItemGroup>
</Project>